// !$*UTF8*$!
{
	archiveVersion = 1;
	classes = {
	};
	objectVersion = 55;
	objects = {

/* Begin PBXBuildFile section */
		BB3393DC2835D61700B97EF9 /* FirebaseFirestore in Frameworks */ = {isa = PBXBuildFile; productRef = BB3393DB2835D61700B97EF9 /* FirebaseFirestore */; };
		BB3393DE2835D61700B97EF9 /* FirebaseFirestoreSwift in Frameworks */ = {isa = PBXBuildFile; productRef = BB3393DD2835D61700B97EF9 /* FirebaseFirestoreSwift */; };
		BBA0361E28353149007E49FE /* GoogleService-Info.plist in Resources */ = {isa = PBXBuildFile; fileRef = BBA0361D28353148007E49FE /* GoogleService-Info.plist */; };
		BBC5003C2833DCA8005CEB3A /* ChatDemoAppApp.swift in Sources */ = {isa = PBXBuildFile; fileRef = BBC5003B2833DCA8005CEB3A /* ChatDemoAppApp.swift */; };
		BBC5003E2833DCA8005CEB3A /* ContentView.swift in Sources */ = {isa = PBXBuildFile; fileRef = BBC5003D2833DCA8005CEB3A /* ContentView.swift */; };
		BBC500402833DCAB005CEB3A /* Assets.xcassets in Resources */ = {isa = PBXBuildFile; fileRef = BBC5003F2833DCAB005CEB3A /* Assets.xcassets */; };
		BBC500432833DCAB005CEB3A /* Preview Assets.xcassets in Resources */ = {isa = PBXBuildFile; fileRef = BBC500422833DCAB005CEB3A /* Preview Assets.xcassets */; };
		BBC5004B2833E298005CEB3A /* TitleRow.swift in Sources */ = {isa = PBXBuildFile; fileRef = BBC5004A2833E298005CEB3A /* TitleRow.swift */; };
		BBC5004E2833E761005CEB3A /* Message.swift in Sources */ = {isa = PBXBuildFile; fileRef = BBC5004D2833E761005CEB3A /* Message.swift */; };
		BBC500522833E7FD005CEB3A /* MessageBubble.swift in Sources */ = {isa = PBXBuildFile; fileRef = BBC500512833E7FD005CEB3A /* MessageBubble.swift */; };
		BBC500542833EBE9005CEB3A /* Extension.swift in Sources */ = {isa = PBXBuildFile; fileRef = BBC500532833EBE9005CEB3A /* Extension.swift */; };
		BBC5005628348544005CEB3A /* MessageField.swift in Sources */ = {isa = PBXBuildFile; fileRef = BBC5005528348544005CEB3A /* MessageField.swift */; };
/* End PBXBuildFile section */

/* Begin PBXFileReference section */
		BBA0361D28353148007E49FE /* GoogleService-Info.plist */ = {isa = PBXFileReference; fileEncoding = 4; lastKnownFileType = text.plist.xml; path = "GoogleService-Info.plist"; sourceTree = "<group>"; };
		BBC500382833DCA8005CEB3A /* ChatDemoApp.app */ = {isa = PBXFileReference; explicitFileType = wrapper.application; includeInIndex = 0; path = ChatDemoApp.app; sourceTree = BUILT_PRODUCTS_DIR; };
		BBC5003B2833DCA8005CEB3A /* ChatDemoAppApp.swift */ = {isa = PBXFileReference; lastKnownFileType = sourcecode.swift; path = ChatDemoAppApp.swift; sourceTree = "<group>"; };
		BBC5003D2833DCA8005CEB3A /* ContentView.swift */ = {isa = PBXFileReference; lastKnownFileType = sourcecode.swift; path = ContentView.swift; sourceTree = "<group>"; };
		BBC5003F2833DCAB005CEB3A /* Assets.xcassets */ = {isa = PBXFileReference; lastKnownFileType = folder.assetcatalog; path = Assets.xcassets; sourceTree = "<group>"; };
		BBC500422833DCAB005CEB3A /* Preview Assets.xcassets */ = {isa = PBXFileReference; lastKnownFileType = folder.assetcatalog; path = "Preview Assets.xcassets"; sourceTree = "<group>"; };
		BBC5004A2833E298005CEB3A /* TitleRow.swift */ = {isa = PBXFileReference; lastKnownFileType = sourcecode.swift; path = TitleRow.swift; sourceTree = "<group>"; };
		BBC5004D2833E761005CEB3A /* Message.swift */ = {isa = PBXFileReference; lastKnownFileType = sourcecode.swift; path = Message.swift; sourceTree = "<group>"; };
		BBC500512833E7FD005CEB3A /* MessageBubble.swift */ = {isa = PBXFileReference; lastKnownFileType = sourcecode.swift; path = MessageBubble.swift; sourceTree = "<group>"; };
		BBC500532833EBE9005CEB3A /* Extension.swift */ = {isa = PBXFileReference; lastKnownFileType = sourcecode.swift; path = Extension.swift; sourceTree = "<group>"; };
		BBC5005528348544005CEB3A /* MessageField.swift */ = {isa = PBXFileReference; lastKnownFileType = sourcecode.swift; path = MessageField.swift; sourceTree = "<group>"; };
/* End PBXFileReference section */

/* Begin PBXFrameworksBuildPhase section */
		BBC500352833DCA8005CEB3A /* Frameworks */ = {
			isa = PBXFrameworksBuildPhase;
			buildActionMask = 2147483647;
			files = (
				BB3393DC2835D61700B97EF9 /* FirebaseFirestore in Frameworks */,
				BB3393DE2835D61700B97EF9 /* FirebaseFirestoreSwift in Frameworks */,
			);
			runOnlyForDeploymentPostprocessing = 0;
		};
/* End PBXFrameworksBuildPhase section */

/* Begin PBXGroup section */
		BBC5002F2833DCA7005CEB3A = {
			isa = PBXGroup;
			children = (
				BBC5003A2833DCA8005CEB3A /* ChatDemoApp */,
				BBC500392833DCA8005CEB3A /* Products */,
			);
			sourceTree = "<group>";
		};
		BBC500392833DCA8005CEB3A /* Products */ = {
			isa = PBXGroup;
			children = (
				BBC500382833DCA8005CEB3A /* ChatDemoApp.app */,
			);
			name = Products;
			sourceTree = "<group>";
		};
		BBC5003A2833DCA8005CEB3A /* ChatDemoApp */ = {
			isa = PBXGroup;
			children = (
				BBC5003B2833DCA8005CEB3A /* ChatDemoAppApp.swift */,
				BBC5003D2833DCA8005CEB3A /* ContentView.swift */,
				BBC5004C2833E750005CEB3A /* Models */,
				BBC500492833E27F005CEB3A /* Components */,
				BBC5003F2833DCAB005CEB3A /* Assets.xcassets */,
				BBC500412833DCAB005CEB3A /* Preview Content */,
				BBC500532833EBE9005CEB3A /* Extension.swift */,
				BBA0361D28353148007E49FE /* GoogleService-Info.plist */,
			);
			path = ChatDemoApp;
			sourceTree = "<group>";
		};
		BBC500412833DCAB005CEB3A /* Preview Content */ = {
			isa = PBXGroup;
			children = (
				BBC500422833DCAB005CEB3A /* Preview Assets.xcassets */,
			);
			path = "Preview Content";
			sourceTree = "<group>";
		};
		BBC500492833E27F005CEB3A /* Components */ = {
			isa = PBXGroup;
			children = (
				BBC5004A2833E298005CEB3A /* TitleRow.swift */,
				BBC500512833E7FD005CEB3A /* MessageBubble.swift */,
				BBC5005528348544005CEB3A /* MessageField.swift */,
			);
			path = Components;
			sourceTree = "<group>";
		};
		BBC5004C2833E750005CEB3A /* Models */ = {
			isa = PBXGroup;
			children = (
				BBC5004D2833E761005CEB3A /* Message.swift */,
			);
			path = Models;
			sourceTree = "<group>";
		};
/* End PBXGroup section */

/* Begin PBXNativeTarget section */
		BBC500372833DCA8005CEB3A /* ChatDemoApp */ = {
			isa = PBXNativeTarget;
			buildConfigurationList = BBC500462833DCAB005CEB3A /* Build configuration list for PBXNativeTarget "ChatDemoApp" */;
			buildPhases = (
				BBC500342833DCA8005CEB3A /* Sources */,
				BBC500352833DCA8005CEB3A /* Frameworks */,
				BBC500362833DCA8005CEB3A /* Resources */,
			);
			buildRules = (
			);
			dependencies = (
			);
			name = ChatDemoApp;
			packageProductDependencies = (
				BB3393DB2835D61700B97EF9 /* FirebaseFirestore */,
				BB3393DD2835D61700B97EF9 /* FirebaseFirestoreSwift */,
			);
			productName = ChatDemoApp;
			productReference = BBC500382833DCA8005CEB3A /* ChatDemoApp.app */;
			productType = "com.apple.product-type.application";
		};
/* End PBXNativeTarget section */

/* Begin PBXProject section */
		BBC500302833DCA7005CEB3A /* Project object */ = {
			isa = PBXProject;
			attributes = {
				BuildIndependentTargetsInParallel = 1;
				LastSwiftUpdateCheck = 1330;
				LastUpgradeCheck = 1330;
				TargetAttributes = {
					BBC500372833DCA8005CEB3A = {
						CreatedOnToolsVersion = 13.3.1;
					};
				};
			};
			buildConfigurationList = BBC500332833DCA7005CEB3A /* Build configuration list for PBXProject "ChatDemoApp" */;
			compatibilityVersion = "Xcode 13.0";
			developmentRegion = en;
			hasScannedForEncodings = 0;
			knownRegions = (
				en,
				Base,
			);
			mainGroup = BBC5002F2833DCA7005CEB3A;
			packageReferences = (
				BB3393DA2835D61700B97EF9 /* XCRemoteSwiftPackageReference "firebase-ios-sdk" */,
			);
			productRefGroup = BBC500392833DCA8005CEB3A /* Products */;
			projectDirPath = "";
			projectRoot = "";
			targets = (
				BBC500372833DCA8005CEB3A /* ChatDemoApp */,
			);
		};
/* End PBXProject section */

/* Begin PBXResourcesBuildPhase section */
		BBC500362833DCA8005CEB3A /* Resources */ = {
			isa = PBXResourcesBuildPhase;
			buildActionMask = 2147483647;
			files = (
				BBC500432833DCAB005CEB3A /* Preview Assets.xcassets in Resources */,
				BBC500402833DCAB005CEB3A /* Assets.xcassets in Resources */,
				BBA0361E28353149007E49FE /* GoogleService-Info.plist in Resources */,
			);
			runOnlyForDeploymentPostprocessing = 0;
		};
/* End PBXResourcesBuildPhase section */

/* Begin PBXSourcesBuildPhase section */
		BBC500342833DCA8005CEB3A /* Sources */ = {
			isa = PBXSourcesBuildPhase;
			buildActionMask = 2147483647;
			files = (
				BBC5003E2833DCA8005CEB3A /* ContentView.swift in Sources */,
				BBC5004E2833E761005CEB3A /* Message.swift in Sources */,
				BBC500522833E7FD005CEB3A /* MessageBubble.swift in Sources */,
				BBC5005628348544005CEB3A /* MessageField.swift in Sources */,
				BBC500542833EBE9005CEB3A /* Extension.swift in Sources */,
				BBC5003C2833DCA8005CEB3A /* ChatDemoAppApp.swift in Sources */,
				BBC5004B2833E298005CEB3A /* TitleRow.swift in Sources */,
			);
			runOnlyForDeploymentPostprocessing = 0;
		};
/* End PBXSourcesBuildPhase section */

/* Begin XCBuildConfiguration section */
		BBC500442833DCAB005CEB3A /* Debug */ = {
			isa = XCBuildConfiguration;
			buildSettings = {
				ALWAYS_SEARCH_USER_PATHS = NO;
				CLANG_ANALYZER_NONNULL = YES;
				CLANG_ANALYZER_NUMBER_OBJECT_CONVERSION = YES_AGGRESSIVE;
				CLANG_CXX_LANGUAGE_STANDARD = "gnu++17";
				CLANG_ENABLE_MODULES = YES;
				CLANG_ENABLE_OBJC_ARC = YES;
				CLANG_ENABLE_OBJC_WEAK = YES;
				CLANG_WARN_BLOCK_CAPTURE_AUTORELEASING = YES;
				CLANG_WARN_BOOL_CONVERSION = YES;
				CLANG_WARN_COMMA = YES;
				CLANG_WARN_CONSTANT_CONVERSION = YES;
				CLANG_WARN_DEPRECATED_OBJC_IMPLEMENTATIONS = YES;
				CLANG_WARN_DIRECT_OBJC_ISA_USAGE = YES_ERROR;
				CLANG_WARN_DOCUMENTATION_COMMENTS = YES;
				CLANG_WARN_EMPTY_BODY = YES;
				CLANG_WARN_ENUM_CONVERSION = YES;
				CLANG_WARN_INFINITE_RECURSION = YES;
				CLANG_WARN_INT_CONVERSION = YES;
				CLANG_WARN_NON_LITERAL_NULL_CONVERSION = YES;
				CLANG_WARN_OBJC_IMPLICIT_RETAIN_SELF = YES;
				CLANG_WARN_OBJC_LITERAL_CONVERSION = YES;
				CLANG_WARN_OBJC_ROOT_CLASS = YES_ERROR;
				CLANG_WARN_QUOTED_INCLUDE_IN_FRAMEWORK_HEADER = YES;
				CLANG_WARN_RANGE_LOOP_ANALYSIS = YES;
				CLANG_WARN_STRICT_PROTOTYPES = YES;
				CLANG_WARN_SUSPICIOUS_MOVE = YES;
				CLANG_WARN_UNGUARDED_AVAILABILITY = YES_AGGRESSIVE;
				CLANG_WARN_UNREACHABLE_CODE = YES;
				CLANG_WARN__DUPLICATE_METHOD_MATCH = YES;
				COPY_PHASE_STRIP = NO;
				DEBUG_INFORMATION_FORMAT = dwarf;
				ENABLE_STRICT_OBJC_MSGSEND = YES;
				ENABLE_TESTABILITY = YES;
				GCC_C_LANGUAGE_STANDARD = gnu11;
				GCC_DYNAMIC_NO_PIC = NO;
				GCC_NO_COMMON_BLOCKS = YES;
				GCC_OPTIMIZATION_LEVEL = 0;
				GCC_PREPROCESSOR_DEFINITIONS = (
					"DEBUG=1",
					"$(inherited)",
				);
				GCC_WARN_64_TO_32_BIT_CONVERSION = YES;
				GCC_WARN_ABOUT_RETURN_TYPE = YES_ERROR;
				GCC_WARN_UNDECLARED_SELECTOR = YES;
				GCC_WARN_UNINITIALIZED_AUTOS = YES_AGGRESSIVE;
				GCC_WARN_UNUSED_FUNCTION = YES;
				GCC_WARN_UNUSED_VARIABLE = YES;
				IPHONEOS_DEPLOYMENT_TARGET = 15.4;
				MTL_ENABLE_DEBUG_INFO = INCLUDE_SOURCE;
				MTL_FAST_MATH = YES;
				ONLY_ACTIVE_ARCH = YES;
				SDKROOT = iphoneos;
				SWIFT_ACTIVE_COMPILATION_CONDITIONS = DEBUG;
				SWIFT_OPTIMIZATION_LEVEL = "-Onone";
			};
			name = Debug;
		};
		BBC500452833DCAB005CEB3A /* Release */ = {
			isa = XCBuildConfiguration;
			buildSettings = {
				ALWAYS_SEARCH_USER_PATHS = NO;
				CLANG_ANALYZER_NONNULL = YES;
				CLANG_ANALYZER_NUMBER_OBJECT_CONVERSION = YES_AGGRESSIVE;
				CLANG_CXX_LANGUAGE_STANDARD = "gnu++17";
				CLANG_ENABLE_MODULES = YES;
				CLANG_ENABLE_OBJC_ARC = YES;
				CLANG_ENABLE_OBJC_WEAK = YES;
				CLANG_WARN_BLOCK_CAPTURE_AUTORELEASING = YES;
				CLANG_WARN_BOOL_CONVERSION = YES;
				CLANG_WARN_COMMA = YES;
				CLANG_WARN_CONSTANT_CONVERSION = YES;
				CLANG_WARN_DEPRECATED_OBJC_IMPLEMENTATIONS = YES;
				CLANG_WARN_DIRECT_OBJC_ISA_USAGE = YES_ERROR;
				CLANG_WARN_DOCUMENTATION_COMMENTS = YES;
				CLANG_WARN_EMPTY_BODY = YES;
				CLANG_WARN_ENUM_CONVERSION = YES;
				CLANG_WARN_INFINITE_RECURSION = YES;
				CLANG_WARN_INT_CONVERSION = YES;
				CLANG_WARN_NON_LITERAL_NULL_CONVERSION = YES;
				CLANG_WARN_OBJC_IMPLICIT_RETAIN_SELF = YES;
				CLANG_WARN_OBJC_LITERAL_CONVERSION = YES;
				CLANG_WARN_OBJC_ROOT_CLASS = YES_ERROR;
				CLANG_WARN_QUOTED_INCLUDE_IN_FRAMEWORK_HEADER = YES;
				CLANG_WARN_RANGE_LOOP_ANALYSIS = YES;
				CLANG_WARN_STRICT_PROTOTYPES = YES;
				CLANG_WARN_SUSPICIOUS_MOVE = YES;
				CLANG_WARN_UNGUARDED_AVAILABILITY = YES_AGGRESSIVE;
				CLANG_WARN_UNREACHABLE_CODE = YES;
				CLANG_WARN__DUPLICATE_METHOD_MATCH = YES;
				COPY_PHASE_STRIP = NO;
				DEBUG_INFORMATION_FORMAT = "dwarf-with-dsym";
				ENABLE_NS_ASSERTIONS = NO;
				ENABLE_STRICT_OBJC_MSGSEND = YES;
				GCC_C_LANGUAGE_STANDARD = gnu11;
				GCC_NO_COMMON_BLOCKS = YES;
				GCC_WARN_64_TO_32_BIT_CONVERSION = YES;
				GCC_WARN_ABOUT_RETURN_TYPE = YES_ERROR;
				GCC_WARN_UNDECLARED_SELECTOR = YES;
				GCC_WARN_UNINITIALIZED_AUTOS = YES_AGGRESSIVE;
				GCC_WARN_UNUSED_FUNCTION = YES;
				GCC_WARN_UNUSED_VARIABLE = YES;
				IPHONEOS_DEPLOYMENT_TARGET = 15.4;
				MTL_ENABLE_DEBUG_INFO = NO;
				MTL_FAST_MATH = YES;
				SDKROOT = iphoneos;
				SWIFT_COMPILATION_MODE = wholemodule;
				SWIFT_OPTIMIZATION_LEVEL = "-O";
				VALIDATE_PRODUCT = YES;
			};
			name = Release;
		};
		BBC500472833DCAB005CEB3A /* Debug */ = {
			isa = XCBuildConfiguration;
			buildSettings = {
				ASSETCATALOG_COMPILER_APPICON_NAME = AppIcon;
				ASSETCATALOG_COMPILER_GLOBAL_ACCENT_COLOR_NAME = AccentColor;
				CODE_SIGN_STYLE = Automatic;
				CURRENT_PROJECT_VERSION = 1;
				DEVELOPMENT_ASSET_PATHS = "\"ChatDemoApp/Preview Content\"";
				DEVELOPMENT_TEAM = BM7XDAK6P3;
				ENABLE_PREVIEWS = YES;
				GENERATE_INFOPLIST_FILE = YES;
				INFOPLIST_KEY_UIApplicationSceneManifest_Generation = YES;
				INFOPLIST_KEY_UIApplicationSupportsIndirectInputEvents = YES;
				INFOPLIST_KEY_UILaunchScreen_Generation = YES;
				INFOPLIST_KEY_UISupportedInterfaceOrientations_iPad = "UIInterfaceOrientationPortrait UIInterfaceOrientationPortraitUpsideDown UIInterfaceOrientationLandscapeLeft UIInterfaceOrientationLandscapeRight";
				INFOPLIST_KEY_UISupportedInterfaceOrientations_iPhone = "UIInterfaceOrientationPortrait UIInterfaceOrientationLandscapeLeft UIInterfaceOrientationLandscapeRight";
				LD_RUNPATH_SEARCH_PATHS = (
					"$(inherited)",
					"@executable_path/Frameworks",
				);
				MARKETING_VERSION = 1.0;
				PRODUCT_BUNDLE_IDENTIFIER = com.jonathantri.ChatDemoApp;
				PRODUCT_NAME = "$(TARGET_NAME)";
				SWIFT_EMIT_LOC_STRINGS = YES;
				SWIFT_VERSION = 5.0;
				TARGETED_DEVICE_FAMILY = "1,2";
			};
			name = Debug;
		};
		BBC500482833DCAB005CEB3A /* Release */ = {
			isa = XCBuildConfiguration;
			buildSettings = {
				ASSETCATALOG_COMPILER_APPICON_NAME = AppIcon;
				ASSETCATALOG_COMPILER_GLOBAL_ACCENT_COLOR_NAME = AccentColor;
				CODE_SIGN_STYLE = Automatic;
				CURRENT_PROJECT_VERSION = 1;
				DEVELOPMENT_ASSET_PATHS = "\"ChatDemoApp/Preview Content\"";
				DEVELOPMENT_TEAM = BM7XDAK6P3;
				ENABLE_PREVIEWS = YES;
				GENERATE_INFOPLIST_FILE = YES;
				INFOPLIST_KEY_UIApplicationSceneManifest_Generation = YES;
				INFOPLIST_KEY_UIApplicationSupportsIndirectInputEvents = YES;
				INFOPLIST_KEY_UILaunchScreen_Generation = YES;
				INFOPLIST_KEY_UISupportedInterfaceOrientations_iPad = "UIInterfaceOrientationPortrait UIInterfaceOrientationPortraitUpsideDown UIInterfaceOrientationLandscapeLeft UIInterfaceOrientationLandscapeRight";
				INFOPLIST_KEY_UISupportedInterfaceOrientations_iPhone = "UIInterfaceOrientationPortrait UIInterfaceOrientationLandscapeLeft UIInterfaceOrientationLandscapeRight";
				LD_RUNPATH_SEARCH_PATHS = (
					"$(inherited)",
					"@executable_path/Frameworks",
				);
				MARKETING_VERSION = 1.0;
				PRODUCT_BUNDLE_IDENTIFIER = com.jonathantri.ChatDemoApp;
				PRODUCT_NAME = "$(TARGET_NAME)";
				SWIFT_EMIT_LOC_STRINGS = YES;
				SWIFT_VERSION = 5.0;
				TARGETED_DEVICE_FAMILY = "1,2";
			};
			name = Release;
		};
/* End XCBuildConfiguration section */

/* Begin XCConfigurationList section */
		BBC500332833DCA7005CEB3A /* Build configuration list for PBXProject "ChatDemoApp" */ = {
			isa = XCConfigurationList;
			buildConfigurations = (
				BBC500442833DCAB005CEB3A /* Debug */,
				BBC500452833DCAB005CEB3A /* Release */,
			);
			defaultConfigurationIsVisible = 0;
			defaultConfigurationName = Release;
		};
		BBC500462833DCAB005CEB3A /* Build configuration list for PBXNativeTarget "ChatDemoApp" */ = {
			isa = XCConfigurationList;
			buildConfigurations = (
				BBC500472833DCAB005CEB3A /* Debug */,
				BBC500482833DCAB005CEB3A /* Release */,
			);
			defaultConfigurationIsVisible = 0;
			defaultConfigurationName = Release;
		};
/* End XCConfigurationList section */

/* Begin XCRemoteSwiftPackageReference section */
		BB3393DA2835D61700B97EF9 /* XCRemoteSwiftPackageReference "firebase-ios-sdk" */ = {
			isa = XCRemoteSwiftPackageReference;
			repositoryURL = "https://github.com/firebase/firebase-ios-sdk";
			requirement = {
				kind = upToNextMajorVersion;
				minimumVersion = 9.0.0;
			};
		};
/* End XCRemoteSwiftPackageReference section */

/* Begin XCSwiftPackageProductDependency section */
		BB3393DB2835D61700B97EF9 /* FirebaseFirestore */ = {
			isa = XCSwiftPackageProductDependency;
			package = BB3393DA2835D61700B97EF9 /* XCRemoteSwiftPackageReference "firebase-ios-sdk" */;
			productName = FirebaseFirestore;
		};
		BB3393DD2835D61700B97EF9 /* FirebaseFirestoreSwift */ = {
			isa = XCSwiftPackageProductDependency;
			package = BB3393DA2835D61700B97EF9 /* XCRemoteSwiftPackageReference "firebase-ios-sdk" */;
			productName = FirebaseFirestoreSwift;
		};
/* End XCSwiftPackageProductDependency section */
	};
	rootObject = BBC500302833DCA7005CEB3A /* Project object */;
}
